
Microsoft Visual Studio Solution File, Format Version 12.00
# Visual Studio Version 17
VisualStudioVersion = 17.0.31903.59
MinimumVisualStudioVersion = 10.0.40219.1
Project("{FAE04EC0-301F-11D3-BF4B-00C04F79EFBC}") = "Quanlysinhvien", "Quanlysinhvien.csproj", "{0C181471-F314-4162-B23D-CA2DE971C089}"
EndProject
Project("{2150E333-8FDC-42A3-9474-1A3956D46DE8}") = "Solution Items", "Solution Items", "{32A0A94B-B45E-4722-A03B-3CAAE4E100E4}"
EndProject
Global
	GlobalSection(SolutionConfigurationPlatforms) = preSolution
		Debug|Any CPU = Debug|Any CPU
		Release|Any CPU = Release|Any CPU
	EndGlobalSection
	GlobalSection(ProjectConfigurationPlatforms) = postSolution
		{0C181471-F314-4162-B23D-CA2DE971C089}.Debug|Any CPU.ActiveCfg = Debug|Any CPU
		{0C181471-F314-4162-B23D-CA2DE971C089}.Debug|Any CPU.Build.0 = Debug|Any CPU
		{0C181471-F314-4162-B23D-CA2DE971C089}.Release|Any CPU.ActiveCfg = Release|Any CPU
		{0C181471-F314-4162-B23D-CA2DE971C089}.Release|Any CPU.Build.0 = Release|Any CPU
	EndGlobalSection
	GlobalSection(SolutionProperties) = preSolution
		HideSolutionNode = FALSE
	EndGlobalSection
	GlobalSection(ExtensibilityGlobals) = postSolution
		SolutionGuid = {D019D076-5D65-4CBA-839A-69A08194C0C6}
	EndGlobalSection
EndGlobal
